// !$*UTF8*$!
{
	archiveVersion = 1;
	classes = {
	};
	objectVersion = 77;
	objects = {

/* Begin PBXContainerItemProxy section */
		FF16589A2D8B0797000B6937 /* PBXContainerItemProxy */ = {
			isa = PBXContainerItemProxy;
			containerPortal = FF16587B2D8B0796000B6937 /* Project object */;
			proxyType = 1;
			remoteGlobalIDString = FF1658822D8B0796000B6937;
			remoteInfo = SwitchSegmentedControl;
		};
		FF1658A42D8B0797000B6937 /* PBXContainerItemProxy */ = {
			isa = PBXContainerItemProxy;
			containerPortal = FF16587B2D8B0796000B6937 /* Project object */;
			proxyType = 1;
			remoteGlobalIDString = FF1658822D8B0796000B6937;
			remoteInfo = SwitchSegmentedControl;
		};
/* End PBXContainerItemProxy section */

/* Begin PBXFileReference section */
		FF1658832D8B0796000B6937 /* SwitchSegmentedControl.app */ = {isa = PBXFileReference; explicitFileType = wrapper.application; includeInIndex = 0; path = SwitchSegmentedControl.app; sourceTree = BUILT_PRODUCTS_DIR; };
		FF1658992D8B0797000B6937 /* SwitchSegmentedControlTests.xctest */ = {isa = PBXFileReference; explicitFileType = wrapper.cfbundle; includeInIndex = 0; path = SwitchSegmentedControlTests.xctest; sourceTree = BUILT_PRODUCTS_DIR; };
		FF1658A32D8B0797000B6937 /* SwitchSegmentedControlUITests.xctest */ = {isa = PBXFileReference; explicitFileType = wrapper.cfbundle; includeInIndex = 0; path = SwitchSegmentedControlUITests.xctest; sourceTree = BUILT_PRODUCTS_DIR; };
/* End PBXFileReference section */

/* Begin PBXFileSystemSynchronizedBuildFileExceptionSet section */
		FF1658AB2D8B0797000B6937 /* Exceptions for "SwitchSegmentedControl" folder in "SwitchSegmentedControl" target */ = {
			isa = PBXFileSystemSynchronizedBuildFileExceptionSet;
			membershipExceptions = (
				Info.plist,
			);
			target = FF1658822D8B0796000B6937 /* SwitchSegmentedControl */;
		};
/* End PBXFileSystemSynchronizedBuildFileExceptionSet section */

/* Begin PBXFileSystemSynchronizedRootGroup section */
		FF1658852D8B0796000B6937 /* SwitchSegmentedControl */ = {
			isa = PBXFileSystemSynchronizedRootGroup;
			exceptions = (
				FF1658AB2D8B0797000B6937 /* Exceptions for "SwitchSegmentedControl" folder in "SwitchSegmentedControl" target */,
			);
			path = SwitchSegmentedControl;
			sourceTree = "<group>";
		};
		FF16589C2D8B0797000B6937 /* SwitchSegmentedControlTests */ = {
			isa = PBXFileSystemSynchronizedRootGroup;
			path = SwitchSegmentedControlTests;
			sourceTree = "<group>";
		};
		FF1658A62D8B0797000B6937 /* SwitchSegmentedControlUITests */ = {
			isa = PBXFileSystemSynchronizedRootGroup;
			path = SwitchSegmentedControlUITests;
			sourceTree = "<group>";
		};
/* End PBXFileSystemSynchronizedRootGroup section */

/* Begin PBXFrameworksBuildPhase section */
		FF1658802D8B0796000B6937 /* Frameworks */ = {
			isa = PBXFrameworksBuildPhase;
			buildActionMask = 2147483647;
			files = (
			);
			runOnlyForDeploymentPostprocessing = 0;
		};
		FF1658962D8B0797000B6937 /* Frameworks */ = {
			isa = PBXFrameworksBuildPhase;
			buildActionMask = 2147483647;
			files = (
			);
			runOnlyForDeploymentPostprocessing = 0;
		};
		FF1658A02D8B0797000B6937 /* Frameworks */ = {
			isa = PBXFrameworksBuildPhase;
			buildActionMask = 2147483647;
			files = (
			);
			runOnlyForDeploymentPostprocessing = 0;
		};
/* End PBXFrameworksBuildPhase section */

/* Begin PBXGroup section */
		FF16587A2D8B0796000B6937 = {
			isa = PBXGroup;
			children = (
				FF1658852D8B0796000B6937 /* SwitchSegmentedControl */,
				FF16589C2D8B0797000B6937 /* SwitchSegmentedControlTests */,
				FF1658A62D8B0797000B6937 /* SwitchSegmentedControlUITests */,
				FF1658842D8B0796000B6937 /* Products */,
			);
			sourceTree = "<group>";
		};
		FF1658842D8B0796000B6937 /* Products */ = {
			isa = PBXGroup;
			children = (
				FF1658832D8B0796000B6937 /* SwitchSegmentedControl.app */,
				FF1658992D8B0797000B6937 /* SwitchSegmentedControlTests.xctest */,
				FF1658A32D8B0797000B6937 /* SwitchSegmentedControlUITests.xctest */,
			);
			name = Products;
			sourceTree = "<group>";
		};
/* End PBXGroup section */

/* Begin PBXNativeTarget section */
		FF1658822D8B0796000B6937 /* SwitchSegmentedControl */ = {
			isa = PBXNativeTarget;
			buildConfigurationList = FF1658AC2D8B0797000B6937 /* Build configuration list for PBXNativeTarget "SwitchSegmentedControl" */;
			buildPhases = (
				FF16587F2D8B0796000B6937 /* Sources */,
				FF1658802D8B0796000B6937 /* Frameworks */,
				FF1658812D8B0796000B6937 /* Resources */,
			);
			buildRules = (
			);
			dependencies = (
			);
			fileSystemSynchronizedGroups = (
				FF1658852D8B0796000B6937 /* SwitchSegmentedControl */,
			);
			name = SwitchSegmentedControl;
			packageProductDependencies = (
			);
			productName = SwitchSegmentedControl;
			productReference = FF1658832D8B0796000B6937 /* SwitchSegmentedControl.app */;
			productType = "com.apple.product-type.application";
		};
		FF1658982D8B0797000B6937 /* SwitchSegmentedControlTests */ = {
			isa = PBXNativeTarget;
			buildConfigurationList = FF1658B12D8B0797000B6937 /* Build configuration list for PBXNativeTarget "SwitchSegmentedControlTests" */;
			buildPhases = (
				FF1658952D8B0797000B6937 /* Sources */,
				FF1658962D8B0797000B6937 /* Frameworks */,
				FF1658972D8B0797000B6937 /* Resources */,
			);
			buildRules = (
			);
			dependencies = (
				FF16589B2D8B0797000B6937 /* PBXTargetDependency */,
			);
			fileSystemSynchronizedGroups = (
				FF16589C2D8B0797000B6937 /* SwitchSegmentedControlTests */,
			);
			name = SwitchSegmentedControlTests;
			packageProductDependencies = (
			);
			productName = SwitchSegmentedControlTests;
			productReference = FF1658992D8B0797000B6937 /* SwitchSegmentedControlTests.xctest */;
			productType = "com.apple.product-type.bundle.unit-test";
		};
		FF1658A22D8B0797000B6937 /* SwitchSegmentedControlUITests */ = {
			isa = PBXNativeTarget;
			buildConfigurationList = FF1658B42D8B0797000B6937 /* Build configuration list for PBXNativeTarget "SwitchSegmentedControlUITests" */;
			buildPhases = (
				FF16589F2D8B0797000B6937 /* Sources */,
				FF1658A02D8B0797000B6937 /* Frameworks */,
				FF1658A12D8B0797000B6937 /* Resources */,
			);
			buildRules = (
			);
			dependencies = (
				FF1658A52D8B0797000B6937 /* PBXTargetDependency */,
			);
			fileSystemSynchronizedGroups = (
				FF1658A62D8B0797000B6937 /* SwitchSegmentedControlUITests */,
			);
			name = SwitchSegmentedControlUITests;
			packageProductDependencies = (
			);
			productName = SwitchSegmentedControlUITests;
			productReference = FF1658A32D8B0797000B6937 /* SwitchSegmentedControlUITests.xctest */;
			productType = "com.apple.product-type.bundle.ui-testing";
		};
/* End PBXNativeTarget section */

/* Begin PBXProject section */
		FF16587B2D8B0796000B6937 /* Project object */ = {
			isa = PBXProject;
			attributes = {
				BuildIndependentTargetsInParallel = 1;
				LastSwiftUpdateCheck = 1620;
				LastUpgradeCheck = 1620;
				TargetAttributes = {
					FF1658822D8B0796000B6937 = {
						CreatedOnToolsVersion = 16.2;
					};
					FF1658982D8B0797000B6937 = {
						CreatedOnToolsVersion = 16.2;
						TestTargetID = FF1658822D8B0796000B6937;
					};
					FF1658A22D8B0797000B6937 = {
						CreatedOnToolsVersion = 16.2;
						TestTargetID = FF1658822D8B0796000B6937;
					};
				};
			};
			buildConfigurationList = FF16587E2D8B0796000B6937 /* Build configuration list for PBXProject "SwitchSegmentedControl" */;
			developmentRegion = en;
			hasScannedForEncodings = 0;
			knownRegions = (
				en,
				Base,
			);
			mainGroup = FF16587A2D8B0796000B6937;
			minimizedProjectReferenceProxies = 1;
			preferredProjectObjectVersion = 77;
			productRefGroup = FF1658842D8B0796000B6937 /* Products */;
			projectDirPath = "";
			projectRoot = "";
			targets = (
				FF1658822D8B0796000B6937 /* SwitchSegmentedControl */,
				FF1658982D8B0797000B6937 /* SwitchSegmentedControlTests */,
				FF1658A22D8B0797000B6937 /* SwitchSegmentedControlUITests */,
			);
		};
/* End PBXProject section */

/* Begin PBXResourcesBuildPhase section */
		FF1658812D8B0796000B6937 /* Resources */ = {
			isa = PBXResourcesBuildPhase;
			buildActionMask = 2147483647;
			files = (
			);
			runOnlyForDeploymentPostprocessing = 0;
		};
		FF1658972D8B0797000B6937 /* Resources */ = {
			isa = PBXResourcesBuildPhase;
			buildActionMask = 2147483647;
			files = (
			);
			runOnlyForDeploymentPostprocessing = 0;
		};
		FF1658A12D8B0797000B6937 /* Resources */ = {
			isa = PBXResourcesBuildPhase;
			buildActionMask = 2147483647;
			files = (
			);
			runOnlyForDeploymentPostprocessing = 0;
		};
/* End PBXResourcesBuildPhase section */

/* Begin PBXSourcesBuildPhase section */
		FF16587F2D8B0796000B6937 /* Sources */ = {
			isa = PBXSourcesBuildPhase;
			buildActionMask = 2147483647;
			files = (
			);
			runOnlyForDeploymentPostprocessing = 0;
		};
		FF1658952D8B0797000B6937 /* Sources */ = {
			isa = PBXSourcesBuildPhase;
			buildActionMask = 2147483647;
			files = (
			);
			runOnlyForDeploymentPostprocessing = 0;
		};
		FF16589F2D8B0797000B6937 /* Sources */ = {
			isa = PBXSourcesBuildPhase;
			buildActionMask = 2147483647;
			files = (
			);
			runOnlyForDeploymentPostprocessing = 0;
		};
/* End PBXSourcesBuildPhase section */

/* Begin PBXTargetDependency section */
		FF16589B2D8B0797000B6937 /* PBXTargetDependency */ = {
			isa = PBXTargetDependency;
			target = FF1658822D8B0796000B6937 /* SwitchSegmentedControl */;
			targetProxy = FF16589A2D8B0797000B6937 /* PBXContainerItemProxy */;
		};
		FF1658A52D8B0797000B6937 /* PBXTargetDependency */ = {
			isa = PBXTargetDependency;
			target = FF1658822D8B0796000B6937 /* SwitchSegmentedControl */;
			targetProxy = FF1658A42D8B0797000B6937 /* PBXContainerItemProxy */;
		};
/* End PBXTargetDependency section */

/* Begin XCBuildConfiguration section */
		FF1658AD2D8B0797000B6937 /* Debug */ = {
			isa = XCBuildConfiguration;
			buildSettings = {
				ASSETCATALOG_COMPILER_APPICON_NAME = AppIcon;
				ASSETCATALOG_COMPILER_GLOBAL_ACCENT_COLOR_NAME = AccentColor;
				CODE_SIGN_STYLE = Automatic;
				CURRENT_PROJECT_VERSION = 1;
				DEVELOPMENT_TEAM = T985K3P4V7;
				GENERATE_INFOPLIST_FILE = YES;
				INFOPLIST_FILE = SwitchSegmentedControl/Info.plist;
				INFOPLIST_KEY_UIApplicationSupportsIndirectInputEvents = YES;
				INFOPLIST_KEY_UILaunchStoryboardName = LaunchScreen;
				INFOPLIST_KEY_UIMainStoryboardFile = Main;
				INFOPLIST_KEY_UISupportedInterfaceOrientations_iPad = "UIInterfaceOrientationPortrait UIInterfaceOrientationPortraitUpsideDown UIInterfaceOrientationLandscapeLeft UIInterfaceOrientationLandscapeRight";
				INFOPLIST_KEY_UISupportedInterfaceOrientations_iPhone = "UIInterfaceOrientationPortrait UIInterfaceOrientationLandscapeLeft UIInterfaceOrientationLandscapeRight";
				LD_RUNPATH_SEARCH_PATHS = (
					"$(inherited)",
					"@executable_path/Frameworks",
				);
				MARKETING_VERSION = 1.0;
				PRODUCT_BUNDLE_IDENTIFIER = com.omerapaydin.SwitchSegmentedControl;
				PRODUCT_NAME = "$(TARGET_NAME)";
				SWIFT_EMIT_LOC_STRINGS = YES;
				SWIFT_VERSION = 5.0;
				TARGETED_DEVICE_FAMILY = "1,2";
			};
			name = Debug;
		};
		FF1658AE2D8B0797000B6937 /* Release */ = {
			isa = XCBuildConfiguration;
			buildSettings = {
				ASSETCATALOG_COMPILER_APPICON_NAME = AppIcon;
				ASSETCATALOG_COMPILER_GLOBAL_ACCENT_COLOR_NAME = AccentColor;
				CODE_SIGN_STYLE = Automatic;
				CURRENT_PROJECT_VERSION = 1;
				DEVELOPMENT_TEAM = T985K3P4V7;
				GENERATE_INFOPLIST_FILE = YES;
				INFOPLIST_FILE = SwitchSegmentedControl/Info.plist;
				INFOPLIST_KEY_UIApplicationSupportsIndirectInputEvents = YES;
				INFOPLIST_KEY_UILaunchStoryboardName = LaunchScreen;
				INFOPLIST_KEY_UIMainStoryboardFile = Main;
				INFOPLIST_KEY_UISupportedInterfaceOrientations_iPad = "UIInterfaceOrientationPortrait UIInterfaceOrientationPortraitUpsideDown UIInterfaceOrientationLandscapeLeft UIInterfaceOrientationLandscapeRight";
				INFOPLIST_KEY_UISupportedInterfaceOrientations_iPhone = "UIInterfaceOrientationPortrait UIInterfaceOrientationLandscapeLeft UIInterfaceOrientationLandscapeRight";
				LD_RUNPATH_SEARCH_PATHS = (
					"$(inherited)",
					"@executable_path/Frameworks",
				);
				MARKETING_VERSION = 1.0;
				PRODUCT_BUNDLE_IDENTIFIER = com.omerapaydin.SwitchSegmentedControl;
				PRODUCT_NAME = "$(TARGET_NAME)";
				SWIFT_EMIT_LOC_STRINGS = YES;
				SWIFT_VERSION = 5.0;
				TARGETED_DEVICE_FAMILY = "1,2";
			};
			name = Release;
		};
		FF1658AF2D8B0797000B6937 /* Debug */ = {
			isa = XCBuildConfiguration;
			buildSettings = {
				ALWAYS_SEARCH_USER_PATHS = NO;
				ASSETCATALOG_COMPILER_GENERATE_SWIFT_ASSET_SYMBOL_EXTENSIONS = YES;
				CLANG_ANALYZER_NONNULL = YES;
				CLANG_ANALYZER_NUMBER_OBJECT_CONVERSION = YES_AGGRESSIVE;
				CLANG_CXX_LANGUAGE_STANDARD = "gnu++20";
				CLANG_ENABLE_MODULES = YES;
				CLANG_ENABLE_OBJC_ARC = YES;
				CLANG_ENABLE_OBJC_WEAK = YES;
				CLANG_WARN_BLOCK_CAPTURE_AUTORELEASING = YES;
				CLANG_WARN_BOOL_CONVERSION = YES;
				CLANG_WARN_COMMA = YES;
				CLANG_WARN_CONSTANT_CONVERSION = YES;
				CLANG_WARN_DEPRECATED_OBJC_IMPLEMENTATIONS = YES;
				CLANG_WARN_DIRECT_OBJC_ISA_USAGE = YES_ERROR;
				CLANG_WARN_DOCUMENTATION_COMMENTS = YES;
				CLANG_WARN_EMPTY_BODY = YES;
				CLANG_WARN_ENUM_CONVERSION = YES;
				CLANG_WARN_INFINITE_RECURSION = YES;
				CLANG_WARN_INT_CONVERSION = YES;
				CLANG_WARN_NON_LITERAL_NULL_CONVERSION = YES;
				CLANG_WARN_OBJC_IMPLICIT_RETAIN_SELF = YES;
				CLANG_WARN_OBJC_LITERAL_CONVERSION = YES;
				CLANG_WARN_OBJC_ROOT_CLASS = YES_ERROR;
				CLANG_WARN_QUOTED_INCLUDE_IN_FRAMEWORK_HEADER = YES;
				CLANG_WARN_RANGE_LOOP_ANALYSIS = YES;
				CLANG_WARN_STRICT_PROTOTYPES = YES;
				CLANG_WARN_SUSPICIOUS_MOVE = YES;
				CLANG_WARN_UNGUARDED_AVAILABILITY = YES_AGGRESSIVE;
				CLANG_WARN_UNREACHABLE_CODE = YES;
				CLANG_WARN__DUPLICATE_METHOD_MATCH = YES;
				COPY_PHASE_STRIP = NO;
				DEBUG_INFORMATION_FORMAT = dwarf;
				ENABLE_STRICT_OBJC_MSGSEND = YES;
				ENABLE_TESTABILITY = YES;
				ENABLE_USER_SCRIPT_SANDBOXING = YES;
				GCC_C_LANGUAGE_STANDARD = gnu17;
				GCC_DYNAMIC_NO_PIC = NO;
				GCC_NO_COMMON_BLOCKS = YES;
				GCC_OPTIMIZATION_LEVEL = 0;
				GCC_PREPROCESSOR_DEFINITIONS = (
					"DEBUG=1",
					"$(inherited)",
				);
				GCC_WARN_64_TO_32_BIT_CONVERSION = YES;
				GCC_WARN_ABOUT_RETURN_TYPE = YES_ERROR;
				GCC_WARN_UNDECLARED_SELECTOR = YES;
				GCC_WARN_UNINITIALIZED_AUTOS = YES_AGGRESSIVE;
				GCC_WARN_UNUSED_FUNCTION = YES;
				GCC_WARN_UNUSED_VARIABLE = YES;
				IPHONEOS_DEPLOYMENT_TARGET = 18.2;
				LOCALIZATION_PREFERS_STRING_CATALOGS = YES;
				MTL_ENABLE_DEBUG_INFO = INCLUDE_SOURCE;
				MTL_FAST_MATH = YES;
				ONLY_ACTIVE_ARCH = YES;
				SDKROOT = iphoneos;
				SWIFT_ACTIVE_COMPILATION_CONDITIONS = "DEBUG $(inherited)";
				SWIFT_OPTIMIZATION_LEVEL = "-Onone";
			};
			name = Debug;
		};
		FF1658B02D8B0797000B6937 /* Release */ = {
			isa = XCBuildConfiguration;
			buildSettings = {
				ALWAYS_SEARCH_USER_PATHS = NO;
				ASSETCATALOG_COMPILER_GENERATE_SWIFT_ASSET_SYMBOL_EXTENSIONS = YES;
				CLANG_ANALYZER_NONNULL = YES;
				CLANG_ANALYZER_NUMBER_OBJECT_CONVERSION = YES_AGGRESSIVE;
				CLANG_CXX_LANGUAGE_STANDARD = "gnu++20";
				CLANG_ENABLE_MODULES = YES;
				CLANG_ENABLE_OBJC_ARC = YES;
				CLANG_ENABLE_OBJC_WEAK = YES;
				CLANG_WARN_BLOCK_CAPTURE_AUTORELEASING = YES;
				CLANG_WARN_BOOL_CONVERSION = YES;
				CLANG_WARN_COMMA = YES;
				CLANG_WARN_CONSTANT_CONVERSION = YES;
				CLANG_WARN_DEPRECATED_OBJC_IMPLEMENTATIONS = YES;
				CLANG_WARN_DIRECT_OBJC_ISA_USAGE = YES_ERROR;
				CLANG_WARN_DOCUMENTATION_COMMENTS = YES;
				CLANG_WARN_EMPTY_BODY = YES;
				CLANG_WARN_ENUM_CONVERSION = YES;
				CLANG_WARN_INFINITE_RECURSION = YES;
				CLANG_WARN_INT_CONVERSION = YES;
				CLANG_WARN_NON_LITERAL_NULL_CONVERSION = YES;
				CLANG_WARN_OBJC_IMPLICIT_RETAIN_SELF = YES;
				CLANG_WARN_OBJC_LITERAL_CONVERSION = YES;
				CLANG_WARN_OBJC_ROOT_CLASS = YES_ERROR;
				CLANG_WARN_QUOTED_INCLUDE_IN_FRAMEWORK_HEADER = YES;
				CLANG_WARN_RANGE_LOOP_ANALYSIS = YES;
				CLANG_WARN_STRICT_PROTOTYPES = YES;
				CLANG_WARN_SUSPICIOUS_MOVE = YES;
				CLANG_WARN_UNGUARDED_AVAILABILITY = YES_AGGRESSIVE;
				CLANG_WARN_UNREACHABLE_CODE = YES;
				CLANG_WARN__DUPLICATE_METHOD_MATCH = YES;
				COPY_PHASE_STRIP = NO;
				DEBUG_INFORMATION_FORMAT = "dwarf-with-dsym";
				ENABLE_NS_ASSERTIONS = NO;
				ENABLE_STRICT_OBJC_MSGSEND = YES;
				ENABLE_USER_SCRIPT_SANDBOXING = YES;
				GCC_C_LANGUAGE_STANDARD = gnu17;
				GCC_NO_COMMON_BLOCKS = YES;
				GCC_WARN_64_TO_32_BIT_CONVERSION = YES;
				GCC_WARN_ABOUT_RETURN_TYPE = YES_ERROR;
				GCC_WARN_UNDECLARED_SELECTOR = YES;
				GCC_WARN_UNINITIALIZED_AUTOS = YES_AGGRESSIVE;
				GCC_WARN_UNUSED_FUNCTION = YES;
				GCC_WARN_UNUSED_VARIABLE = YES;
				IPHONEOS_DEPLOYMENT_TARGET = 18.2;
				LOCALIZATION_PREFERS_STRING_CATALOGS = YES;
				MTL_ENABLE_DEBUG_INFO = NO;
				MTL_FAST_MATH = YES;
				SDKROOT = iphoneos;
				SWIFT_COMPILATION_MODE = wholemodule;
				VALIDATE_PRODUCT = YES;
			};
			name = Release;
		};
		FF1658B22D8B0797000B6937 /* Debug */ = {
			isa = XCBuildConfiguration;
			buildSettings = {
				BUNDLE_LOADER = "$(TEST_HOST)";
				CODE_SIGN_STYLE = Automatic;
				CURRENT_PROJECT_VERSION = 1;
				DEVELOPMENT_TEAM = T985K3P4V7;
				GENERATE_INFOPLIST_FILE = YES;
				IPHONEOS_DEPLOYMENT_TARGET = 18.2;
				MARKETING_VERSION = 1.0;
				PRODUCT_BUNDLE_IDENTIFIER = com.omerapaydin.SwitchSegmentedControlTests;
				PRODUCT_NAME = "$(TARGET_NAME)";
				SWIFT_EMIT_LOC_STRINGS = NO;
				SWIFT_VERSION = 5.0;
				TARGETED_DEVICE_FAMILY = "1,2";
				TEST_HOST = "$(BUILT_PRODUCTS_DIR)/SwitchSegmentedControl.app/$(BUNDLE_EXECUTABLE_FOLDER_PATH)/SwitchSegmentedControl";
			};
			name = Debug;
		};
		FF1658B32D8B0797000B6937 /* Release */ = {
			isa = XCBuildConfiguration;
			buildSettings = {
				BUNDLE_LOADER = "$(TEST_HOST)";
				CODE_SIGN_STYLE = Automatic;
				CURRENT_PROJECT_VERSION = 1;
				DEVELOPMENT_TEAM = T985K3P4V7;
				GENERATE_INFOPLIST_FILE = YES;
				IPHONEOS_DEPLOYMENT_TARGET = 18.2;
				MARKETING_VERSION = 1.0;
				PRODUCT_BUNDLE_IDENTIFIER = com.omerapaydin.SwitchSegmentedControlTests;
				PRODUCT_NAME = "$(TARGET_NAME)";
				SWIFT_EMIT_LOC_STRINGS = NO;
				SWIFT_VERSION = 5.0;
				TARGETED_DEVICE_FAMILY = "1,2";
				TEST_HOST = "$(BUILT_PRODUCTS_DIR)/SwitchSegmentedControl.app/$(BUNDLE_EXECUTABLE_FOLDER_PATH)/SwitchSegmentedControl";
			};
			name = Release;
		};
		FF1658B52D8B0797000B6937 /* Debug */ = {
			isa = XCBuildConfiguration;
			buildSettings = {
				CODE_SIGN_STYLE = Automatic;
				CURRENT_PROJECT_VERSION = 1;
				DEVELOPMENT_TEAM = T985K3P4V7;
				GENERATE_INFOPLIST_FILE = YES;
				MARKETING_VERSION = 1.0;
				PRODUCT_BUNDLE_IDENTIFIER = com.omerapaydin.SwitchSegmentedControlUITests;
				PRODUCT_NAME = "$(TARGET_NAME)";
				SWIFT_EMIT_LOC_STRINGS = NO;
				SWIFT_VERSION = 5.0;
				TARGETED_DEVICE_FAMILY = "1,2";
				TEST_TARGET_NAME = SwitchSegmentedControl;
			};
			name = Debug;
		};
		FF1658B62D8B0797000B6937 /* Release */ = {
			isa = XCBuildConfiguration;
			buildSettings = {
				CODE_SIGN_STYLE = Automatic;
				CURRENT_PROJECT_VERSION = 1;
				DEVELOPMENT_TEAM = T985K3P4V7;
				GENERATE_INFOPLIST_FILE = YES;
				MARKETING_VERSION = 1.0;
				PRODUCT_BUNDLE_IDENTIFIER = com.omerapaydin.SwitchSegmentedControlUITests;
				PRODUCT_NAME = "$(TARGET_NAME)";
				SWIFT_EMIT_LOC_STRINGS = NO;
				SWIFT_VERSION = 5.0;
				TARGETED_DEVICE_FAMILY = "1,2";
				TEST_TARGET_NAME = SwitchSegmentedControl;
			};
			name = Release;
		};
/* End XCBuildConfiguration section */

/* Begin XCConfigurationList section */
		FF16587E2D8B0796000B6937 /* Build configuration list for PBXProject "SwitchSegmentedControl" */ = {
			isa = XCConfigurationList;
			buildConfigurations = (
				FF1658AF2D8B0797000B6937 /* Debug */,
				FF1658B02D8B0797000B6937 /* Release */,
			);
			defaultConfigurationIsVisible = 0;
			defaultConfigurationName = Release;
		};
		FF1658AC2D8B0797000B6937 /* Build configuration list for PBXNativeTarget "SwitchSegmentedControl" */ = {
			isa = XCConfigurationList;
			buildConfigurations = (
				FF1658AD2D8B0797000B6937 /* Debug */,
				FF1658AE2D8B0797000B6937 /* Release */,
			);
			defaultConfigurationIsVisible = 0;
			defaultConfigurationName = Release;
		};
		FF1658B12D8B0797000B6937 /* Build configuration list for PBXNativeTarget "SwitchSegmentedControlTests" */ = {
			isa = XCConfigurationList;
			buildConfigurations = (
				FF1658B22D8B0797000B6937 /* Debug */,
				FF1658B32D8B0797000B6937 /* Release */,
			);
			defaultConfigurationIsVisible = 0;
			defaultConfigurationName = Release;
		};
		FF1658B42D8B0797000B6937 /* Build configuration list for PBXNativeTarget "SwitchSegmentedControlUITests" */ = {
			isa = XCConfigurationList;
			buildConfigurations = (
				FF1658B52D8B0797000B6937 /* Debug */,
				FF1658B62D8B0797000B6937 /* Release */,
			);
			defaultConfigurationIsVisible = 0;
			defaultConfigurationName = Release;
		};
/* End XCConfigurationList section */
	};
	rootObject = FF16587B2D8B0796000B6937 /* Project object */;
}
